
Microsoft Visual Studio Solution File, Format Version 11.00
# Visual C++ Express 2010
Project("{8BC9CEB8-8B4A-11D0-8D11-00A0C91BC942}") = "MathUnitTests", "MathUnitTests\MathUnitTests.vcxproj", "{5F05FAA6-7DDD-4BA0-BC26-49EB509FB6F6}"
EndProject
Project("{8BC9CEB8-8B4A-11D0-8D11-00A0C91BC942}") = "PatrickMath", "PatrickMath\PatrickMath.vcxproj", "{C7D1D438-C33F-4F5E-BAE9-99131EB2EF9C}"
EndProject
Global
	GlobalSection(SolutionConfigurationPlatforms) = preSolution
		Debug|Win32 = Debug|Win32
		Release|Win32 = Release|Win32
	EndGlobalSection
	GlobalSection(ProjectConfigurationPlatforms) = postSolution
		{5F05FAA6-7DDD-4BA0-BC26-49EB509FB6F6}.Debug|Win32.ActiveCfg = Debug|Win32
		{5F05FAA6-7DDD-4BA0-BC26-49EB509FB6F6}.Debug|Win32.Build.0 = Debug|Win32
		{5F05FAA6-7DDD-4BA0-BC26-49EB509FB6F6}.Release|Win32.ActiveCfg = Release|Win32
		{5F05FAA6-7DDD-4BA0-BC26-49EB509FB6F6}.Release|Win32.Build.0 = Release|Win32
		{C7D1D438-C33F-4F5E-BAE9-99131EB2EF9C}.Debug|Win32.ActiveCfg = Debug|Win32
		{C7D1D438-C33F-4F5E-BAE9-99131EB2EF9C}.Debug|Win32.Build.0 = Debug|Win32
		{C7D1D438-C33F-4F5E-BAE9-99131EB2EF9C}.Release|Win32.ActiveCfg = Release|Win32
		{C7D1D438-C33F-4F5E-BAE9-99131EB2EF9C}.Release|Win32.Build.0 = Release|Win32
	EndGlobalSection
	GlobalSection(SolutionProperties) = preSolution
		HideSolutionNode = FALSE
	EndGlobalSection
EndGlobal
